# This file is autogenerated, do not edit; changes may be undone by the next 'dep ensure'.


[[projects]]
  name = "github.com/cep21/circuit"
  packages = [
    "v3",
    "v3/closers/hystrix",
    "v3/faststats",
    "v3/internal/evar"
  ]
  revision = "768780274348ba1e986a23a5feef9c829ab37426"
  version = "v3.1.0"

[[projects]]
  name = "github.com/google/go-querystring"
  packages = ["query"]
  revision = "44c6ddd0a2342c386950e880b658017258da92fc"
  version = "v1.0.0"

[[projects]]
  name = "github.com/jtacoma/uritemplates"
  packages = ["."]
  revision = "307ae868f90f4ee1b73ebe4596e0394237dacce8"
  version = "v1.0.0"

[[projects]]
  name = "github.com/konsorten/go-windows-terminal-sequences"
  packages = ["."]
  revision = "f55edac94c9bbba5d6182a4be46d86a2c9b5b50e"
  version = "v1.0.2"

[[projects]]
  name = "github.com/sirupsen/logrus"
  packages = ["."]
  revision = "839c75faf7f98a33d445d181f3018b5c3409a45e"
  version = "v1.4.2"

[[projects]]
  branch = "master"
  name = "golang.org/x/sys"
  packages = ["unix"]
  revision = "f43be2a4598cf3a47be9f94f0c28197ed9eae611"

[solve-meta]
  analyzer-name = "dep"
  analyzer-version = 1
  inputs-digest = "d077902c07931b4b94fa67c0fac396c9f5cac38dcab9b3ecdc6dbf33f431fd59"
  solver-name = "gps-cdcl"
  solver-version = 1
